
Microsoft Visual Studio Solution File, Format Version 12.00
# Visual Studio Version 17
VisualStudioVersion = 17.6.33815.320
MinimumVisualStudioVersion = 10.0.40219.1
EndProject
Global
	GlobalSection(SolutionConfigurationPlatforms) = preSolution
		Debug|Any CPU = Debug|Any CPU
		Release|Any CPU = Release|Any CPU
	EndGlobalSection
	GlobalSection(ProjectConfigurationPlatforms) = postSolution
		{2F67B41D-DDF2-4951-BB84-6101A238EEDA}.Debug|Any CPU.ActiveCfg = Debug|Any CPU
		{2F67B41D-DDF2-4951-BB84-6101A238EEDA}.Debug|Any CPU.Build.0 = Debug|Any CPU
		{2F67B41D-DDF2-4951-BB84-6101A238EEDA}.Release|Any CPU.ActiveCfg = Release|Any CPU
		{2F67B41D-DDF2-4951-BB84-6101A238EEDA}.Release|Any CPU.Build.0 = Release|Any CPU
	EndGlobalSection
	GlobalSection(SolutionProperties) = preSolution
		HideSolutionNode = FALSE
	EndGlobalSection
	GlobalSection(ExtensibilityGlobals) = postSolution
		SolutionGuid = {CE0ADBBD-0132-4898-8BE2-57FDB5639B98}
	EndGlobalSection
EndGlobal
